
Microsoft Visual Studio Solution File, Format Version 12.00
# Visual Studio Version 17
VisualStudioVersion = 17.13.35913.81 d17.13
MinimumVisualStudioVersion = 10.0.40219.1
Project("{FAE04EC0-301F-11D3-BF4B-00C04F79EFBC}") = "wAppGestionVacacional", "wAppGestionVacacional\wAppGestionVacacional.csproj", "{FEE738CF-25BB-4358-8639-2E4393BD9D83}"
EndProject
Global
	GlobalSection(SolutionConfigurationPlatforms) = preSolution
		Debug|Any CPU = Debug|Any CPU
		Release|Any CPU = Release|Any CPU
	EndGlobalSection
	GlobalSection(ProjectConfigurationPlatforms) = postSolution
		{FEE738CF-25BB-4358-8639-2E4393BD9D83}.Debug|Any CPU.ActiveCfg = Debug|Any CPU
		{FEE738CF-25BB-4358-8639-2E4393BD9D83}.Debug|Any CPU.Build.0 = Debug|Any CPU
		{FEE738CF-25BB-4358-8639-2E4393BD9D83}.Release|Any CPU.ActiveCfg = Release|Any CPU
		{FEE738CF-25BB-4358-8639-2E4393BD9D83}.Release|Any CPU.Build.0 = Release|Any CPU
	EndGlobalSection
	GlobalSection(SolutionProperties) = preSolution
		HideSolutionNode = FALSE
	EndGlobalSection
	GlobalSection(ExtensibilityGlobals) = postSolution
		SolutionGuid = {0E15B81A-A88B-4E2D-9678-B5EE861E2A11}
	EndGlobalSection
EndGlobal
