
Microsoft Visual Studio Solution File, Format Version 12.00
# Visual Studio Version 17
VisualStudioVersion = 17.13.35806.99 d17.13
MinimumVisualStudioVersion = 10.0.40219.1
Project("{FAE04EC0-301F-11D3-BF4B-00C04F79EFBC}") = "ConsumoApis", "ConsumoApis\ConsumoApis.csproj", "{C9B1DBA7-C3AA-42C5-8770-5B053E39AB39}"
EndProject
Global
	GlobalSection(SolutionConfigurationPlatforms) = preSolution
		Debug|Any CPU = Debug|Any CPU
		Release|Any CPU = Release|Any CPU
	EndGlobalSection
	GlobalSection(ProjectConfigurationPlatforms) = postSolution
		{C9B1DBA7-C3AA-42C5-8770-5B053E39AB39}.Debug|Any CPU.ActiveCfg = Debug|Any CPU
		{C9B1DBA7-C3AA-42C5-8770-5B053E39AB39}.Debug|Any CPU.Build.0 = Debug|Any CPU
		{C9B1DBA7-C3AA-42C5-8770-5B053E39AB39}.Release|Any CPU.ActiveCfg = Release|Any CPU
		{C9B1DBA7-C3AA-42C5-8770-5B053E39AB39}.Release|Any CPU.Build.0 = Release|Any CPU
	EndGlobalSection
	GlobalSection(SolutionProperties) = preSolution
		HideSolutionNode = FALSE
	EndGlobalSection
	GlobalSection(ExtensibilityGlobals) = postSolution
		SolutionGuid = {3787757E-9095-44F5-9AAF-7117F7DE59F1}
	EndGlobalSection
EndGlobal
