
Microsoft Visual Studio Solution File, Format Version 12.00
# Visual Studio Version 16
VisualStudioVersion = 16.0.35931.194
MinimumVisualStudioVersion = 10.0.40219.1
Project("{FAE04EC0-301F-11D3-BF4B-00C04F79EFBC}") = "wsAtenticacion", "wsAtenticacion\wsAtenticacion.csproj", "{A12FF176-84A1-43E0-AE7B-A85532BC8BAD}"
EndProject
Global
	GlobalSection(SolutionConfigurationPlatforms) = preSolution
		Debug|Any CPU = Debug|Any CPU
		Release|Any CPU = Release|Any CPU
	EndGlobalSection
	GlobalSection(ProjectConfigurationPlatforms) = postSolution
		{A12FF176-84A1-43E0-AE7B-A85532BC8BAD}.Debug|Any CPU.ActiveCfg = Debug|Any CPU
		{A12FF176-84A1-43E0-AE7B-A85532BC8BAD}.Debug|Any CPU.Build.0 = Debug|Any CPU
		{A12FF176-84A1-43E0-AE7B-A85532BC8BAD}.Release|Any CPU.ActiveCfg = Release|Any CPU
		{A12FF176-84A1-43E0-AE7B-A85532BC8BAD}.Release|Any CPU.Build.0 = Release|Any CPU
	EndGlobalSection
	GlobalSection(SolutionProperties) = preSolution
		HideSolutionNode = FALSE
	EndGlobalSection
	GlobalSection(ExtensibilityGlobals) = postSolution
		SolutionGuid = {4A672505-61AD-432D-81E1-05371AD96742}
	EndGlobalSection
EndGlobal
