
Microsoft Visual Studio Solution File, Format Version 12.00
# Visual Studio Version 17
VisualStudioVersion = 17.14.36121.58 d17.14
MinimumVisualStudioVersion = 10.0.40219.1
Project("{FAE04EC0-301F-11D3-BF4B-00C04F79EFBC}") = "ClinicaMedicaAPIREST", "ClinicaMedicaAPIREST\ClinicaMedicaAPIREST.csproj", "{044D9CFB-8490-4A0C-B263-DA3CBC7E70EC}"
EndProject
Global
	GlobalSection(SolutionConfigurationPlatforms) = preSolution
		Debug|Any CPU = Debug|Any CPU
		Release|Any CPU = Release|Any CPU
	EndGlobalSection
	GlobalSection(ProjectConfigurationPlatforms) = postSolution
		{044D9CFB-8490-4A0C-B263-DA3CBC7E70EC}.Debug|Any CPU.ActiveCfg = Debug|Any CPU
		{044D9CFB-8490-4A0C-B263-DA3CBC7E70EC}.Debug|Any CPU.Build.0 = Debug|Any CPU
		{044D9CFB-8490-4A0C-B263-DA3CBC7E70EC}.Release|Any CPU.ActiveCfg = Release|Any CPU
		{044D9CFB-8490-4A0C-B263-DA3CBC7E70EC}.Release|Any CPU.Build.0 = Release|Any CPU
	EndGlobalSection
	GlobalSection(SolutionProperties) = preSolution
		HideSolutionNode = FALSE
	EndGlobalSection
	GlobalSection(ExtensibilityGlobals) = postSolution
		SolutionGuid = {02D5B3FC-B472-4A8B-A046-27E9E8A955D8}
	EndGlobalSection
EndGlobal
