Microsoft Visual Studio Solution File, Format Version 12.00
# Visual Studio Version 17
VisualStudioVersion = 17.13.35913.81
MinimumVisualStudioVersion = 10.0.40219.1
Project("{FAE04EC0-301F-11D3-BF4B-00C04F79EFBC}") = "RepasoC#", "RepasoC#\RepasoC#.csproj", "{1B713D0B-C905-46B3-B87B-031E6CFEAA2C}"
EndProject
Global
	GlobalSection(SolutionConfigurationPlatforms) = preSolution
		Debug|Any CPU = Debug|Any CPU
		Release|Any CPU = Release|Any CPU
	EndGlobalSection
	GlobalSection(ProjectConfigurationPlatforms) = postSolution
		{1B713D0B-C905-46B3-B87B-031E6CFEAA2C}.Debug|Any CPU.ActiveCfg = Debug|Any CPU
		{1B713D0B-C905-46B3-B87B-031E6CFEAA2C}.Debug|Any CPU.Build.0 = Debug|Any CPU
		{1B713D0B-C905-46B3-B87B-031E6CFEAA2C}.Release|Any CPU.ActiveCfg = Release|Any CPU
		{1B713D0B-C905-46B3-B87B-031E6CFEAA2C}.Release|Any CPU.Build.0 = Release|Any CPU
	EndGlobalSection
	GlobalSection(SolutionProperties) = preSolution
		HideSolutionNode = FALSE
	EndGlobalSection
	GlobalSection(ExtensibilityGlobals) = postSolution
		SolutionGuid = {A74AAD8C-178C-4A69-80F7-9AF9A48D97D8}
	EndGlobalSection
EndGlobal
