
Microsoft Visual Studio Solution File, Format Version 12.00
# Visual Studio Version 17
VisualStudioVersion = 17.13.35913.81 d17.13
MinimumVisualStudioVersion = 10.0.40219.1
Project("{FAE04EC0-301F-11D3-BF4B-00C04F79EFBC}") = "EstructuraDeContorl", "EstructuraDeContorl\EstructuraDeContorl.csproj", "{91A7F792-6EA0-4EF4-925B-A716AC7E8B05}"
EndProject
Global
	GlobalSection(SolutionConfigurationPlatforms) = preSolution
		Debug|Any CPU = Debug|Any CPU
		Release|Any CPU = Release|Any CPU
	EndGlobalSection
	GlobalSection(ProjectConfigurationPlatforms) = postSolution
		{91A7F792-6EA0-4EF4-925B-A716AC7E8B05}.Debug|Any CPU.ActiveCfg = Debug|Any CPU
		{91A7F792-6EA0-4EF4-925B-A716AC7E8B05}.Debug|Any CPU.Build.0 = Debug|Any CPU
		{91A7F792-6EA0-4EF4-925B-A716AC7E8B05}.Release|Any CPU.ActiveCfg = Release|Any CPU
		{91A7F792-6EA0-4EF4-925B-A716AC7E8B05}.Release|Any CPU.Build.0 = Release|Any CPU
	EndGlobalSection
	GlobalSection(SolutionProperties) = preSolution
		HideSolutionNode = FALSE
	EndGlobalSection
	GlobalSection(ExtensibilityGlobals) = postSolution
		SolutionGuid = {0BA188B0-3BE2-499B-99F8-4684E30D0A7A}
	EndGlobalSection
EndGlobal
