
Microsoft Visual Studio Solution File, Format Version 12.00
# Visual Studio Version 16
VisualStudioVersion = 16.0.36128.20
MinimumVisualStudioVersion = 10.0.40219.1
Project("{FAE04EC0-301F-11D3-BF4B-00C04F79EFBC}") = "AutoExpress.Servicio", "AutoExpressSOAP\AutoExpress.Servicio.csproj", "{FA22300B-FF3E-4643-A9A7-4971C75C0312}"
EndProject
Project("{FAE04EC0-301F-11D3-BF4B-00C04F79EFBC}") = "AutoExpress.Negocio", "AutoExpress.Negocios\AutoExpress.Negocio.csproj", "{092DE620-1073-4B27-BBAC-BE763CDFCB3B}"
EndProject
Project("{FAE04EC0-301F-11D3-BF4B-00C04F79EFBC}") = "AutoExpress.Entidades", "AutoExpress.Entidades\AutoExpress.Entidades.csproj", "{ED4CC5BF-44AA-42EF-A0AA-E8B6D7875FFD}"
EndProject
Project("{FAE04EC0-301F-11D3-BF4B-00C04F79EFBC}") = "AutoExpress.Datos", "AutoExpress.Datos\AutoExpress.Datos.csproj", "{22F8F6CA-107A-4CBE-BAF1-B352C3C66712}"
EndProject
Global
	GlobalSection(SolutionConfigurationPlatforms) = preSolution
		Debug|Any CPU = Debug|Any CPU
		Release|Any CPU = Release|Any CPU
	EndGlobalSection
	GlobalSection(ProjectConfigurationPlatforms) = postSolution
		{FA22300B-FF3E-4643-A9A7-4971C75C0312}.Debug|Any CPU.ActiveCfg = Debug|Any CPU
		{FA22300B-FF3E-4643-A9A7-4971C75C0312}.Debug|Any CPU.Build.0 = Debug|Any CPU
		{FA22300B-FF3E-4643-A9A7-4971C75C0312}.Release|Any CPU.ActiveCfg = Release|Any CPU
		{FA22300B-FF3E-4643-A9A7-4971C75C0312}.Release|Any CPU.Build.0 = Release|Any CPU
		{092DE620-1073-4B27-BBAC-BE763CDFCB3B}.Debug|Any CPU.ActiveCfg = Debug|Any CPU
		{092DE620-1073-4B27-BBAC-BE763CDFCB3B}.Debug|Any CPU.Build.0 = Debug|Any CPU
		{092DE620-1073-4B27-BBAC-BE763CDFCB3B}.Release|Any CPU.ActiveCfg = Release|Any CPU
		{092DE620-1073-4B27-BBAC-BE763CDFCB3B}.Release|Any CPU.Build.0 = Release|Any CPU
		{ED4CC5BF-44AA-42EF-A0AA-E8B6D7875FFD}.Debug|Any CPU.ActiveCfg = Debug|Any CPU
		{ED4CC5BF-44AA-42EF-A0AA-E8B6D7875FFD}.Debug|Any CPU.Build.0 = Debug|Any CPU
		{ED4CC5BF-44AA-42EF-A0AA-E8B6D7875FFD}.Release|Any CPU.ActiveCfg = Release|Any CPU
		{ED4CC5BF-44AA-42EF-A0AA-E8B6D7875FFD}.Release|Any CPU.Build.0 = Release|Any CPU
		{22F8F6CA-107A-4CBE-BAF1-B352C3C66712}.Debug|Any CPU.ActiveCfg = Debug|Any CPU
		{22F8F6CA-107A-4CBE-BAF1-B352C3C66712}.Debug|Any CPU.Build.0 = Debug|Any CPU
		{22F8F6CA-107A-4CBE-BAF1-B352C3C66712}.Release|Any CPU.ActiveCfg = Release|Any CPU
		{22F8F6CA-107A-4CBE-BAF1-B352C3C66712}.Release|Any CPU.Build.0 = Release|Any CPU
	EndGlobalSection
	GlobalSection(SolutionProperties) = preSolution
		HideSolutionNode = FALSE
	EndGlobalSection
	GlobalSection(ExtensibilityGlobals) = postSolution
		SolutionGuid = {24DD26A8-B4FF-44FB-B777-6A9B163F0E34}
	EndGlobalSection
EndGlobal
