
Microsoft Visual Studio Solution File, Format Version 12.00
# Visual Studio Version 17
VisualStudioVersion = 17.13.35913.81 d17.13
MinimumVisualStudioVersion = 10.0.40219.1
Project("{FAE04EC0-301F-11D3-BF4B-00C04F79EFBC}") = "pruebaWeb", "pruebaWeb\pruebaWeb.csproj", "{9BC74126-440C-4757-8827-E5D7D0B1260B}"
EndProject
Global
	GlobalSection(SolutionConfigurationPlatforms) = preSolution
		Debug|Any CPU = Debug|Any CPU
		Release|Any CPU = Release|Any CPU
	EndGlobalSection
	GlobalSection(ProjectConfigurationPlatforms) = postSolution
		{9BC74126-440C-4757-8827-E5D7D0B1260B}.Debug|Any CPU.ActiveCfg = Debug|Any CPU
		{9BC74126-440C-4757-8827-E5D7D0B1260B}.Debug|Any CPU.Build.0 = Debug|Any CPU
		{9BC74126-440C-4757-8827-E5D7D0B1260B}.Release|Any CPU.ActiveCfg = Release|Any CPU
		{9BC74126-440C-4757-8827-E5D7D0B1260B}.Release|Any CPU.Build.0 = Release|Any CPU
	EndGlobalSection
	GlobalSection(SolutionProperties) = preSolution
		HideSolutionNode = FALSE
	EndGlobalSection
	GlobalSection(ExtensibilityGlobals) = postSolution
		SolutionGuid = {8BD3AFB9-1BB8-446A-AFBD-83D0A8A803F7}
	EndGlobalSection
EndGlobal
