
Microsoft Visual Studio Solution File, Format Version 12.00
# Visual Studio Version 17
VisualStudioVersion = 17.13.35913.81 d17.13
MinimumVisualStudioVersion = 10.0.40219.1
Project("{FAE04EC0-301F-11D3-BF4B-00C04F79EFBC}") = "Herencia", "Herencia\Herencia.csproj", "{B4C7D945-CE81-46D0-B1F1-65EDED16271F}"
EndProject
Global
	GlobalSection(SolutionConfigurationPlatforms) = preSolution
		Debug|Any CPU = Debug|Any CPU
		Release|Any CPU = Release|Any CPU
	EndGlobalSection
	GlobalSection(ProjectConfigurationPlatforms) = postSolution
		{B4C7D945-CE81-46D0-B1F1-65EDED16271F}.Debug|Any CPU.ActiveCfg = Debug|Any CPU
		{B4C7D945-CE81-46D0-B1F1-65EDED16271F}.Debug|Any CPU.Build.0 = Debug|Any CPU
		{B4C7D945-CE81-46D0-B1F1-65EDED16271F}.Release|Any CPU.ActiveCfg = Release|Any CPU
		{B4C7D945-CE81-46D0-B1F1-65EDED16271F}.Release|Any CPU.Build.0 = Release|Any CPU
	EndGlobalSection
	GlobalSection(SolutionProperties) = preSolution
		HideSolutionNode = FALSE
	EndGlobalSection
	GlobalSection(ExtensibilityGlobals) = postSolution
		SolutionGuid = {AF6673FC-56DF-4BA3-A9C0-CD86D11DF113}
	EndGlobalSection
EndGlobal
