
Microsoft Visual Studio Solution File, Format Version 12.00
# Visual Studio Version 17
VisualStudioVersion = 17.13.35913.81 d17.13
MinimumVisualStudioVersion = 10.0.40219.1
Project("{FAE04EC0-301F-11D3-BF4B-00C04F79EFBC}") = "Reto", "Reto\Reto.csproj", "{BC303F76-7EFC-4A29-9886-520B107400C6}"
EndProject
Global
	GlobalSection(SolutionConfigurationPlatforms) = preSolution
		Debug|Any CPU = Debug|Any CPU
		Release|Any CPU = Release|Any CPU
	EndGlobalSection
	GlobalSection(ProjectConfigurationPlatforms) = postSolution
		{BC303F76-7EFC-4A29-9886-520B107400C6}.Debug|Any CPU.ActiveCfg = Debug|Any CPU
		{BC303F76-7EFC-4A29-9886-520B107400C6}.Debug|Any CPU.Build.0 = Debug|Any CPU
		{BC303F76-7EFC-4A29-9886-520B107400C6}.Release|Any CPU.ActiveCfg = Release|Any CPU
		{BC303F76-7EFC-4A29-9886-520B107400C6}.Release|Any CPU.Build.0 = Release|Any CPU
	EndGlobalSection
	GlobalSection(SolutionProperties) = preSolution
		HideSolutionNode = FALSE
	EndGlobalSection
	GlobalSection(ExtensibilityGlobals) = postSolution
		SolutionGuid = {661878F3-C5E9-472E-BDC0-5E6A25027444}
	EndGlobalSection
EndGlobal
