Microsoft Visual Studio Solution File, Format Version 12.00
# Visual Studio Version 17
VisualStudioVersion = 17.5.2.0
MinimumVisualStudioVersion = 10.0.40219.1
Project("{FAE04EC0-301F-11D3-BF4B-00C04F79EFBC}") = "webpi", "webpi.csproj", "{1E0A30BE-504B-C0B3-6020-FF0852AAC324}"
EndProject
Global
	GlobalSection(SolutionConfigurationPlatforms) = preSolution
		Debug|Any CPU = Debug|Any CPU
		Release|Any CPU = Release|Any CPU
	EndGlobalSection
	GlobalSection(ProjectConfigurationPlatforms) = postSolution
		{1E0A30BE-504B-C0B3-6020-FF0852AAC324}.Debug|Any CPU.ActiveCfg = Debug|Any CPU
		{1E0A30BE-504B-C0B3-6020-FF0852AAC324}.Debug|Any CPU.Build.0 = Debug|Any CPU
		{1E0A30BE-504B-C0B3-6020-FF0852AAC324}.Release|Any CPU.ActiveCfg = Release|Any CPU
		{1E0A30BE-504B-C0B3-6020-FF0852AAC324}.Release|Any CPU.Build.0 = Release|Any CPU
	EndGlobalSection
	GlobalSection(SolutionProperties) = preSolution
		HideSolutionNode = FALSE
	EndGlobalSection
	GlobalSection(ExtensibilityGlobals) = postSolution
		SolutionGuid = {551DB7D9-35D0-4F2A-932E-72EFE16C291A}
	EndGlobalSection
EndGlobal
