
Microsoft Visual Studio Solution File, Format Version 12.00
# Visual Studio Version 17
VisualStudioVersion = 17.5.002.0
MinimumVisualStudioVersion = 10.0.40219.1
Project("{9A19103F-16F7-4668-BE54-9A1E7A4F7556}") = "MiprimerAPP", "MiprimerAPP.csproj", "{D949996B-151E-421D-9F0A-C1F8C1456300}"
EndProject
Global
	GlobalSection(SolutionConfigurationPlatforms) = preSolution
		Debug|Any CPU = Debug|Any CPU
		Release|Any CPU = Release|Any CPU
	EndGlobalSection
	GlobalSection(ProjectConfigurationPlatforms) = postSolution
		{D949996B-151E-421D-9F0A-C1F8C1456300}.Debug|Any CPU.ActiveCfg = Debug|Any CPU
		{D949996B-151E-421D-9F0A-C1F8C1456300}.Debug|Any CPU.Build.0 = Debug|Any CPU
		{D949996B-151E-421D-9F0A-C1F8C1456300}.Release|Any CPU.ActiveCfg = Release|Any CPU
		{D949996B-151E-421D-9F0A-C1F8C1456300}.Release|Any CPU.Build.0 = Release|Any CPU
	EndGlobalSection
	GlobalSection(SolutionProperties) = preSolution
		HideSolutionNode = FALSE
	EndGlobalSection
	GlobalSection(ExtensibilityGlobals) = postSolution
		SolutionGuid = {01C21DA5-FACF-4780-A7DD-B082E77ACCA8}
	EndGlobalSection
EndGlobal
