
Microsoft Visual Studio Solution File, Format Version 12.00
# Visual Studio Version 17
VisualStudioVersion = 17.13.35913.81 d17.13
MinimumVisualStudioVersion = 10.0.40219.1
Project("{FAE04EC0-301F-11D3-BF4B-00C04F79EFBC}") = "APIRESTPablo", "APIRESTPablo\APIRESTPablo.csproj", "{2915833E-644B-46AE-A23C-CF4CF3C5EAE8}"
EndProject
Global
	GlobalSection(SolutionConfigurationPlatforms) = preSolution
		Debug|Any CPU = Debug|Any CPU
		Release|Any CPU = Release|Any CPU
	EndGlobalSection
	GlobalSection(ProjectConfigurationPlatforms) = postSolution
		{2915833E-644B-46AE-A23C-CF4CF3C5EAE8}.Debug|Any CPU.ActiveCfg = Debug|Any CPU
		{2915833E-644B-46AE-A23C-CF4CF3C5EAE8}.Debug|Any CPU.Build.0 = Debug|Any CPU
		{2915833E-644B-46AE-A23C-CF4CF3C5EAE8}.Release|Any CPU.ActiveCfg = Release|Any CPU
		{2915833E-644B-46AE-A23C-CF4CF3C5EAE8}.Release|Any CPU.Build.0 = Release|Any CPU
	EndGlobalSection
	GlobalSection(SolutionProperties) = preSolution
		HideSolutionNode = FALSE
	EndGlobalSection
	GlobalSection(ExtensibilityGlobals) = postSolution
		SolutionGuid = {D6ED5E8A-0FE6-43FC-BF5C-BD7D4C563FB8}
	EndGlobalSection
EndGlobal
