
Microsoft Visual Studio Solution File, Format Version 12.00
# Visual Studio Version 17
VisualStudioVersion = 17.13.35806.99 d17.13
MinimumVisualStudioVersion = 10.0.40219.1
Project("{FAE04EC0-301F-11D3-BF4B-00C04F79EFBC}") = "ConsumoServiciosSoap", "ConsumoServiciosSoap\ConsumoServiciosSoap.csproj", "{79B37607-AE45-4BE2-AF61-903D095F37E0}"
EndProject
Global
	GlobalSection(SolutionConfigurationPlatforms) = preSolution
		Debug|Any CPU = Debug|Any CPU
		Release|Any CPU = Release|Any CPU
	EndGlobalSection
	GlobalSection(ProjectConfigurationPlatforms) = postSolution
		{79B37607-AE45-4BE2-AF61-903D095F37E0}.Debug|Any CPU.ActiveCfg = Debug|Any CPU
		{79B37607-AE45-4BE2-AF61-903D095F37E0}.Debug|Any CPU.Build.0 = Debug|Any CPU
		{79B37607-AE45-4BE2-AF61-903D095F37E0}.Release|Any CPU.ActiveCfg = Release|Any CPU
		{79B37607-AE45-4BE2-AF61-903D095F37E0}.Release|Any CPU.Build.0 = Release|Any CPU
	EndGlobalSection
	GlobalSection(SolutionProperties) = preSolution
		HideSolutionNode = FALSE
	EndGlobalSection
	GlobalSection(ExtensibilityGlobals) = postSolution
		SolutionGuid = {8E8A081A-B47C-464E-8FB5-5B9BCBC0083A}
	EndGlobalSection
EndGlobal
