Microsoft Visual Studio Solution File, Format Version 12.00
# Visual Studio Version 17
VisualStudioVersion = 17.13.35913.81
MinimumVisualStudioVersion = 10.0.40219.1
Project("{FAE04EC0-301F-11D3-BF4B-00C04F79EFBC}") = "MVC_CRUD_INTRODUCCION", "MVC_CRUD_INTRODUCCION\MVC_CRUD_INTRODUCCION.csproj", "{37702A00-A437-438B-B828-5AC326E3CDC8}"
EndProject
Global
	GlobalSection(SolutionConfigurationPlatforms) = preSolution
		Debug|Any CPU = Debug|Any CPU
		Release|Any CPU = Release|Any CPU
	EndGlobalSection
	GlobalSection(ProjectConfigurationPlatforms) = postSolution
		{37702A00-A437-438B-B828-5AC326E3CDC8}.Debug|Any CPU.ActiveCfg = Debug|Any CPU
		{37702A00-A437-438B-B828-5AC326E3CDC8}.Debug|Any CPU.Build.0 = Debug|Any CPU
		{37702A00-A437-438B-B828-5AC326E3CDC8}.Release|Any CPU.ActiveCfg = Release|Any CPU
		{37702A00-A437-438B-B828-5AC326E3CDC8}.Release|Any CPU.Build.0 = Release|Any CPU
	EndGlobalSection
	GlobalSection(SolutionProperties) = preSolution
		HideSolutionNode = FALSE
	EndGlobalSection
	GlobalSection(ExtensibilityGlobals) = postSolution
		SolutionGuid = {7BED6605-76E9-4A02-BB4E-DF5EF127676C}
	EndGlobalSection
EndGlobal
