Microsoft Visual Studio Solution File, Format Version 12.00
# Visual Studio Version 17
VisualStudioVersion = 17.13.35913.81
MinimumVisualStudioVersion = 10.0.40219.1
Project("{FAE04EC0-301F-11D3-BF4B-00C04F79EFBC}") = "EjemploConsumirApiRest", "EjemploConsumirApiRest\EjemploConsumirApiRest.csproj", "{FB175E53-759B-4F89-AC73-556D97300F4C}"
EndProject
Global
	GlobalSection(SolutionConfigurationPlatforms) = preSolution
		Debug|Any CPU = Debug|Any CPU
		Release|Any CPU = Release|Any CPU
	EndGlobalSection
	GlobalSection(ProjectConfigurationPlatforms) = postSolution
		{FB175E53-759B-4F89-AC73-556D97300F4C}.Debug|Any CPU.ActiveCfg = Debug|Any CPU
		{FB175E53-759B-4F89-AC73-556D97300F4C}.Debug|Any CPU.Build.0 = Debug|Any CPU
		{FB175E53-759B-4F89-AC73-556D97300F4C}.Release|Any CPU.ActiveCfg = Release|Any CPU
		{FB175E53-759B-4F89-AC73-556D97300F4C}.Release|Any CPU.Build.0 = Release|Any CPU
	EndGlobalSection
	GlobalSection(SolutionProperties) = preSolution
		HideSolutionNode = FALSE
	EndGlobalSection
	GlobalSection(ExtensibilityGlobals) = postSolution
		SolutionGuid = {0090F740-92E9-4EDC-B544-C4EE23081512}
	EndGlobalSection
EndGlobal
