
Microsoft Visual Studio Solution File, Format Version 12.00
# Visual Studio Version 16
VisualStudioVersion = 16.0.36107.64
MinimumVisualStudioVersion = 10.0.40219.1
Project("{FAE04EC0-301F-11D3-BF4B-00C04F79EFBC}") = "AutoExpress_Entidades", "AutoExpress_Entidades\AutoExpress_Entidades.csproj", "{A670BCCE-9213-47DC-BD29-73B6F4439C32}"
EndProject
Global
	GlobalSection(SolutionConfigurationPlatforms) = preSolution
		Debug|Any CPU = Debug|Any CPU
		Release|Any CPU = Release|Any CPU
	EndGlobalSection
	GlobalSection(ProjectConfigurationPlatforms) = postSolution
		{A670BCCE-9213-47DC-BD29-73B6F4439C32}.Debug|Any CPU.ActiveCfg = Debug|Any CPU
		{A670BCCE-9213-47DC-BD29-73B6F4439C32}.Debug|Any CPU.Build.0 = Debug|Any CPU
		{A670BCCE-9213-47DC-BD29-73B6F4439C32}.Release|Any CPU.ActiveCfg = Release|Any CPU
		{A670BCCE-9213-47DC-BD29-73B6F4439C32}.Release|Any CPU.Build.0 = Release|Any CPU
	EndGlobalSection
	GlobalSection(SolutionProperties) = preSolution
		HideSolutionNode = FALSE
	EndGlobalSection
	GlobalSection(ExtensibilityGlobals) = postSolution
		SolutionGuid = {76CAC3B7-5014-4F30-AA31-DB1CD310CE2B}
	EndGlobalSection
EndGlobal
