
Microsoft Visual Studio Solution File, Format Version 12.00
# Visual Studio Version 16
VisualStudioVersion = 16.0.36107.64
MinimumVisualStudioVersion = 10.0.40219.1
Project("{FAE04EC0-301F-11D3-BF4B-00C04F79EFBC}") = "AutoExpress_Datos", "AutoExpress_Datos\AutoExpress_Datos.csproj", "{6631A461-445E-4508-BB44-5F49C06885F6}"
EndProject
Project("{FAE04EC0-301F-11D3-BF4B-00C04F79EFBC}") = "AutoExpress_Entidades", "AutoExpress_Entidades\AutoExpress_Entidades.csproj", "{1D12BE5A-586F-4BCD-B800-4971CC856AD4}"
EndProject
Project("{FAE04EC0-301F-11D3-BF4B-00C04F79EFBC}") = "AutoExpress_Negocio", "AutoExpress_Negocio\AutoExpress_Negocio.csproj", "{EE5EAEA0-6BB0-44E9-928A-77FDBE6AFA90}"
EndProject
Project("{FAE04EC0-301F-11D3-BF4B-00C04F79EFBC}") = "AutoExpress_Servicio", "AutoExpress_Servicio\AutoExpress_Servicio.csproj", "{EA571DA3-6390-4A7C-A5B0-CC672122BD46}"
EndProject
Global
	GlobalSection(SolutionConfigurationPlatforms) = preSolution
		Debug|Any CPU = Debug|Any CPU
		Release|Any CPU = Release|Any CPU
	EndGlobalSection
	GlobalSection(ProjectConfigurationPlatforms) = postSolution
		{6631A461-445E-4508-BB44-5F49C06885F6}.Debug|Any CPU.ActiveCfg = Debug|Any CPU
		{6631A461-445E-4508-BB44-5F49C06885F6}.Debug|Any CPU.Build.0 = Debug|Any CPU
		{6631A461-445E-4508-BB44-5F49C06885F6}.Release|Any CPU.ActiveCfg = Release|Any CPU
		{6631A461-445E-4508-BB44-5F49C06885F6}.Release|Any CPU.Build.0 = Release|Any CPU
		{1D12BE5A-586F-4BCD-B800-4971CC856AD4}.Debug|Any CPU.ActiveCfg = Debug|Any CPU
		{1D12BE5A-586F-4BCD-B800-4971CC856AD4}.Debug|Any CPU.Build.0 = Debug|Any CPU
		{1D12BE5A-586F-4BCD-B800-4971CC856AD4}.Release|Any CPU.ActiveCfg = Release|Any CPU
		{1D12BE5A-586F-4BCD-B800-4971CC856AD4}.Release|Any CPU.Build.0 = Release|Any CPU
		{EE5EAEA0-6BB0-44E9-928A-77FDBE6AFA90}.Debug|Any CPU.ActiveCfg = Debug|Any CPU
		{EE5EAEA0-6BB0-44E9-928A-77FDBE6AFA90}.Debug|Any CPU.Build.0 = Debug|Any CPU
		{EE5EAEA0-6BB0-44E9-928A-77FDBE6AFA90}.Release|Any CPU.ActiveCfg = Release|Any CPU
		{EE5EAEA0-6BB0-44E9-928A-77FDBE6AFA90}.Release|Any CPU.Build.0 = Release|Any CPU
		{EA571DA3-6390-4A7C-A5B0-CC672122BD46}.Debug|Any CPU.ActiveCfg = Debug|Any CPU
		{EA571DA3-6390-4A7C-A5B0-CC672122BD46}.Debug|Any CPU.Build.0 = Debug|Any CPU
		{EA571DA3-6390-4A7C-A5B0-CC672122BD46}.Release|Any CPU.ActiveCfg = Release|Any CPU
		{EA571DA3-6390-4A7C-A5B0-CC672122BD46}.Release|Any CPU.Build.0 = Release|Any CPU
	EndGlobalSection
	GlobalSection(SolutionProperties) = preSolution
		HideSolutionNode = FALSE
	EndGlobalSection
	GlobalSection(ExtensibilityGlobals) = postSolution
		SolutionGuid = {76CAC3B7-5014-4F30-AA31-DB1CD310CE2B}
	EndGlobalSection
EndGlobal
