
Microsoft Visual Studio Solution File, Format Version 12.00
# Visual Studio Version 17
VisualStudioVersion = 17.13.35913.81 d17.13
MinimumVisualStudioVersion = 10.0.40219.1
Project("{FAE04EC0-301F-11D3-BF4B-00C04F79EFBC}") = "WebApplication1", "WebApplication1\WebApplication1.csproj", "{6630A123-5676-4C61-BEE3-1268704BD8E6}"
EndProject
Project("{FAE04EC0-301F-11D3-BF4B-00C04F79EFBC}") = "WebApplication2", "WebApplication2\WebApplication2.csproj", "{079E5E59-A442-4296-B409-6FF69BBF1203}"
EndProject
Global
	GlobalSection(SolutionConfigurationPlatforms) = preSolution
		Debug|Any CPU = Debug|Any CPU
		Release|Any CPU = Release|Any CPU
	EndGlobalSection
	GlobalSection(ProjectConfigurationPlatforms) = postSolution
		{6630A123-5676-4C61-BEE3-1268704BD8E6}.Debug|Any CPU.ActiveCfg = Debug|Any CPU
		{6630A123-5676-4C61-BEE3-1268704BD8E6}.Debug|Any CPU.Build.0 = Debug|Any CPU
		{6630A123-5676-4C61-BEE3-1268704BD8E6}.Release|Any CPU.ActiveCfg = Release|Any CPU
		{6630A123-5676-4C61-BEE3-1268704BD8E6}.Release|Any CPU.Build.0 = Release|Any CPU
		{079E5E59-A442-4296-B409-6FF69BBF1203}.Debug|Any CPU.ActiveCfg = Debug|Any CPU
		{079E5E59-A442-4296-B409-6FF69BBF1203}.Debug|Any CPU.Build.0 = Debug|Any CPU
		{079E5E59-A442-4296-B409-6FF69BBF1203}.Release|Any CPU.ActiveCfg = Release|Any CPU
		{079E5E59-A442-4296-B409-6FF69BBF1203}.Release|Any CPU.Build.0 = Release|Any CPU
	EndGlobalSection
	GlobalSection(SolutionProperties) = preSolution
		HideSolutionNode = FALSE
	EndGlobalSection
	GlobalSection(ExtensibilityGlobals) = postSolution
		SolutionGuid = {9FCDEBB9-FE4C-4412-9329-6144A4C91CC2}
	EndGlobalSection
EndGlobal
