Microsoft Visual Studio Solution File, Format Version 12.00
# Visual Studio Version 17
VisualStudioVersion = 17.5.2.0
MinimumVisualStudioVersion = 10.0.40219.1
Project("{FAE04EC0-301F-11D3-BF4B-00C04F79EFBC}") = "EmpresaLogin", "EmpresaLogin.csproj", "{285691AC-367C-4AD4-0D7C-16CEF894B498}"
EndProject
Global
	GlobalSection(SolutionConfigurationPlatforms) = preSolution
		Debug|Any CPU = Debug|Any CPU
		Release|Any CPU = Release|Any CPU
	EndGlobalSection
	GlobalSection(ProjectConfigurationPlatforms) = postSolution
		{285691AC-367C-4AD4-0D7C-16CEF894B498}.Debug|Any CPU.ActiveCfg = Debug|Any CPU
		{285691AC-367C-4AD4-0D7C-16CEF894B498}.Debug|Any CPU.Build.0 = Debug|Any CPU
		{285691AC-367C-4AD4-0D7C-16CEF894B498}.Release|Any CPU.ActiveCfg = Release|Any CPU
		{285691AC-367C-4AD4-0D7C-16CEF894B498}.Release|Any CPU.Build.0 = Release|Any CPU
	EndGlobalSection
	GlobalSection(SolutionProperties) = preSolution
		HideSolutionNode = FALSE
	EndGlobalSection
	GlobalSection(ExtensibilityGlobals) = postSolution
		SolutionGuid = {B2191E81-654A-4304-B03F-CD23DC49E964}
	EndGlobalSection
EndGlobal
