Microsoft Visual Studio Solution File, Format Version 12.00
# Visual Studio Version 17
VisualStudioVersion = 17.5.2.0
MinimumVisualStudioVersion = 10.0.40219.1
Project("{FAE04EC0-301F-11D3-BF4B-00C04F79EFBC}") = "Solucion mini retos Clases", "Solucion mini retos Clases.csproj", "{4EA0B246-E217-97AA-4C86-BAEB0BC5309C}"
EndProject
Global
	GlobalSection(SolutionConfigurationPlatforms) = preSolution
		Debug|Any CPU = Debug|Any CPU
		Release|Any CPU = Release|Any CPU
	EndGlobalSection
	GlobalSection(ProjectConfigurationPlatforms) = postSolution
		{4EA0B246-E217-97AA-4C86-BAEB0BC5309C}.Debug|Any CPU.ActiveCfg = Debug|Any CPU
		{4EA0B246-E217-97AA-4C86-BAEB0BC5309C}.Debug|Any CPU.Build.0 = Debug|Any CPU
		{4EA0B246-E217-97AA-4C86-BAEB0BC5309C}.Release|Any CPU.ActiveCfg = Release|Any CPU
		{4EA0B246-E217-97AA-4C86-BAEB0BC5309C}.Release|Any CPU.Build.0 = Release|Any CPU
	EndGlobalSection
	GlobalSection(SolutionProperties) = preSolution
		HideSolutionNode = FALSE
	EndGlobalSection
	GlobalSection(ExtensibilityGlobals) = postSolution
		SolutionGuid = {95EE45EF-35EE-4193-9177-5D32920BB11F}
	EndGlobalSection
EndGlobal
