
Microsoft Visual Studio Solution File, Format Version 12.00
# Visual Studio Version 17
VisualStudioVersion = 17.13.35913.81 d17.13
MinimumVisualStudioVersion = 10.0.40219.1
Project("{FAE04EC0-301F-11D3-BF4B-00C04F79EFBC}") = "EjemploDocker", "EjemploDocker\EjemploDocker.csproj", "{1CDA7B46-3E00-47AB-87F7-62F319CE6E3A}"
EndProject
Global
	GlobalSection(SolutionConfigurationPlatforms) = preSolution
		Debug|Any CPU = Debug|Any CPU
		Release|Any CPU = Release|Any CPU
	EndGlobalSection
	GlobalSection(ProjectConfigurationPlatforms) = postSolution
		{1CDA7B46-3E00-47AB-87F7-62F319CE6E3A}.Debug|Any CPU.ActiveCfg = Debug|Any CPU
		{1CDA7B46-3E00-47AB-87F7-62F319CE6E3A}.Debug|Any CPU.Build.0 = Debug|Any CPU
		{1CDA7B46-3E00-47AB-87F7-62F319CE6E3A}.Release|Any CPU.ActiveCfg = Release|Any CPU
		{1CDA7B46-3E00-47AB-87F7-62F319CE6E3A}.Release|Any CPU.Build.0 = Release|Any CPU
	EndGlobalSection
	GlobalSection(SolutionProperties) = preSolution
		HideSolutionNode = FALSE
	EndGlobalSection
	GlobalSection(ExtensibilityGlobals) = postSolution
		SolutionGuid = {8C78D35B-F9C9-4A5C-BDFA-5FD761392862}
	EndGlobalSection
EndGlobal
